
Microsoft Visual Studio Solution File, Format Version 12.00
# Visual Studio Version 17
VisualStudioVersion = 17.11.35327.3
MinimumVisualStudioVersion = 10.0.40219.1
Project("{9A19103F-16F7-4668-BE54-9A1E7A4F7556}") = "FootballTeam2", "FootballTeam2\FootballTeam2.csproj", "{3188F290-AF46-4CB9-AD0A-80EE9D4E88FC}"
EndProject
Project("{9A19103F-16F7-4668-BE54-9A1E7A4F7556}") = "FootballTeam2.BL", "FootballTeam2.BL\FootballTeam2.BL.csproj", "{82A182E4-B7DD-4A19-AD61-70C760169B45}"
EndProject
Project("{9A19103F-16F7-4668-BE54-9A1E7A4F7556}") = "FootballTeam2.DL", "FootballTeam2.DL\FootballTeam2.DL.csproj", "{C36A9065-0734-41B7-B6E2-423266260FD0}"
EndProject
Project("{FAE04EC0-301F-11D3-BF4B-00C04F79EFBC}") = "FootballTeam2.Models", "FootballTeam2.Models\FootballTeam2.Models.csproj", "{1A71E773-F76E-499A-8852-B20E38F939F7}"
EndProject
Project("{FAE04EC0-301F-11D3-BF4B-00C04F79EFBC}") = "FootballTeam2.Tests", "FootballTeam2.Tests\FootballTeam2.Tests.csproj", "{8294523C-BA2D-4A5F-B0D0-E3F2794F5F90}"
EndProject
Global
	GlobalSection(SolutionConfigurationPlatforms) = preSolution
		Debug|Any CPU = Debug|Any CPU
		Release|Any CPU = Release|Any CPU
	EndGlobalSection
	GlobalSection(ProjectConfigurationPlatforms) = postSolution
		{3188F290-AF46-4CB9-AD0A-80EE9D4E88FC}.Debug|Any CPU.ActiveCfg = Debug|Any CPU
		{3188F290-AF46-4CB9-AD0A-80EE9D4E88FC}.Debug|Any CPU.Build.0 = Debug|Any CPU
		{3188F290-AF46-4CB9-AD0A-80EE9D4E88FC}.Release|Any CPU.ActiveCfg = Release|Any CPU
		{3188F290-AF46-4CB9-AD0A-80EE9D4E88FC}.Release|Any CPU.Build.0 = Release|Any CPU
		{82A182E4-B7DD-4A19-AD61-70C760169B45}.Debug|Any CPU.ActiveCfg = Debug|Any CPU
		{82A182E4-B7DD-4A19-AD61-70C760169B45}.Debug|Any CPU.Build.0 = Debug|Any CPU
		{82A182E4-B7DD-4A19-AD61-70C760169B45}.Release|Any CPU.ActiveCfg = Release|Any CPU
		{82A182E4-B7DD-4A19-AD61-70C760169B45}.Release|Any CPU.Build.0 = Release|Any CPU
		{C36A9065-0734-41B7-B6E2-423266260FD0}.Debug|Any CPU.ActiveCfg = Debug|Any CPU
		{C36A9065-0734-41B7-B6E2-423266260FD0}.Debug|Any CPU.Build.0 = Debug|Any CPU
		{C36A9065-0734-41B7-B6E2-423266260FD0}.Release|Any CPU.ActiveCfg = Release|Any CPU
		{C36A9065-0734-41B7-B6E2-423266260FD0}.Release|Any CPU.Build.0 = Release|Any CPU
		{1A71E773-F76E-499A-8852-B20E38F939F7}.Debug|Any CPU.ActiveCfg = Debug|Any CPU
		{1A71E773-F76E-499A-8852-B20E38F939F7}.Debug|Any CPU.Build.0 = Debug|Any CPU
		{1A71E773-F76E-499A-8852-B20E38F939F7}.Release|Any CPU.ActiveCfg = Release|Any CPU
		{1A71E773-F76E-499A-8852-B20E38F939F7}.Release|Any CPU.Build.0 = Release|Any CPU
		{8294523C-BA2D-4A5F-B0D0-E3F2794F5F90}.Debug|Any CPU.ActiveCfg = Debug|Any CPU
		{8294523C-BA2D-4A5F-B0D0-E3F2794F5F90}.Debug|Any CPU.Build.0 = Debug|Any CPU
		{8294523C-BA2D-4A5F-B0D0-E3F2794F5F90}.Release|Any CPU.ActiveCfg = Release|Any CPU
		{8294523C-BA2D-4A5F-B0D0-E3F2794F5F90}.Release|Any CPU.Build.0 = Release|Any CPU
	EndGlobalSection
	GlobalSection(SolutionProperties) = preSolution
		HideSolutionNode = FALSE
	EndGlobalSection
	GlobalSection(ExtensibilityGlobals) = postSolution
		SolutionGuid = {5D3FE3C0-156F-4B79-8E9C-8F5BB071AED4}
	EndGlobalSection
EndGlobal
